hash: 48da648f4c9ff506113508d64126fe46d6b382a130d49f961c735cc84bd3d1b0
updated: 2017-03-03T22:56:39.704905745+01:00
imports:
- name: github.com/codegangsta/inject
  version: 37d7f8432a3e684eef9b2edece76bdfa6ac85b39
- name: github.com/go-martini/martini
  version: 49411a5b646861ad29a6ddd5351717a0a9c49b94
- name: github.com/mattn/go-sqlite3
  version: ca5e3819723d8eeaf170ad510e7da1d6d2e94a08
- name: github.com/Sirupsen/logrus
  version: 0208149b40d863d2c1a2f8fe5753096a9cf2cc8b
- name: golang.org/x/net
  version: d379faa25cbdc04d653984913a2ceb43b0bc46d7
  subpackages:
  - context
- name: golang.org/x/sys
  version: e48874b42435b4347fc52bdee0424a52abc974d7
  subpackages:
  - unix
testImports: []
